
Microsoft Visual Studio Solution File, Format Version 12.00
# Visual Studio Version 16
VisualStudioVersion = 16.0.31019.35
MinimumVisualStudioVersion = 10.0.40219.1
Project("{FAE04EC0-301F-11D3-BF4B-00C04F79EFBC}") = "DM-Handbook", "DM-Handbook\DM-Handbook.csproj", "{00D434A0-633F-418F-B613-F316F8F070D2}"
EndProject
Global
	GlobalSection(SolutionConfigurationPlatforms) = preSolution
		Debug|Any CPU = Debug|Any CPU
		Release|Any CPU = Release|Any CPU
	EndGlobalSection
	GlobalSection(ProjectConfigurationPlatforms) = postSolution
		{00D434A0-633F-418F-B613-F316F8F070D2}.Debug|Any CPU.ActiveCfg = Debug|Any CPU
		{00D434A0-633F-418F-B613-F316F8F070D2}.Debug|Any CPU.Build.0 = Debug|Any CPU
		{00D434A0-633F-418F-B613-F316F8F070D2}.Release|Any CPU.ActiveCfg = Release|Any CPU
		{00D434A0-633F-418F-B613-F316F8F070D2}.Release|Any CPU.Build.0 = Release|Any CPU
	EndGlobalSection
	GlobalSection(SolutionProperties) = preSolution
		HideSolutionNode = FALSE
	EndGlobalSection
	GlobalSection(ExtensibilityGlobals) = postSolution
		SolutionGuid = {224E8D15-209C-47AF-A9D3-24657A941EA3}
	EndGlobalSection
EndGlobal
